// !$*UTF8*$!
{
	archiveVersion = 1;
	classes = {
	};
	objectVersion = 46;
	objects = {

		7BE0FF435B2F1F2532CAEB80 = {isa = PBXBuildFile; fileRef = 4C97AC23128183111AC30BD0; };
		E115391AB5DA063E22C419BC = {isa = PBXBuildFile; fileRef = E22E728600932A6CA3808558; };
		C4602167366C96C895DBEB65 = {isa = PBXBuildFile; fileRef = 5B7470AC33674928840D036D; };
		C74FABE0516E5A6090783663 = {isa = PBXBuildFile; fileRef = 378AC0547485A4BD370F2F94; };
		E107BCEA98FD3D686E996F0B = {isa = PBXBuildFile; fileRef = 0045896B59D0A016D06080D5; };
		912B779C8F6A00F6E8C9F0EC = {isa = PBXBuildFile; fileRef = 302423A27B32F7547FD7F085; };
		E0F4806D5D9F2720F3427E22 = {isa = PBXBuildFile; fileRef = 04FEA35C30DEEA8D538B7795; };
		3806CF62A231023A27003FDD = {isa = PBXBuildFile; fileRef = 3CA2CD7EF6E72FFB0A81DADD; };
		D0B9D2A2D9476AD1E3B9B94C = {isa = PBXBuildFile; fileRef = 37D165B690A154DFBCA027DB; };
		F396FB71103AA5131D6543A3 = {isa = PBXBuildFile; fileRef = 6B74AA852DE2F2AEAEBB8DAB; };
		D086461FC067F0F2B8B3417C = {isa = PBXBuildFile; fileRef = C61BD808952C19681C31501B; };
		F8D1E501BE957D22BF98ACC0 = {isa = PBXBuildFile; fileRef = A9BD6CC45D36D9B830EE7762; };
		67C996C4B6D75228081F5898 = {isa = PBXBuildFile; fileRef = 7876224247EF46C2F962F776; };
		C872A6DA4EB3CB4E82733EE8 = {isa = PBXBuildFile; fileRef = C3572072B8C8BD2712424938; };
		F3A7E18BCC5DCCF0B4D2E009 = {isa = PBXBuildFile; fileRef = DBE3A6D3F1AD11E4ADB954E7; };
		DEFB31D7FA4112B1DAB1FDA5 = {isa = PBXBuildFile; fileRef = 13B5BBD02230AECB180EAC55; };
		89C4000059ED1D8B82822B2F = {isa = PBXBuildFile; fileRef = F076823B1B8B5B3868BC4508; };
		328B4A1EEE0D756989E23CEB = {isa = PBXBuildFile; fileRef = 1A396409F4E68E2E82B5E089; };
		33B31E7E72D483219F6749D4 = {isa = PBXBuildFile; fileRef = 700B1A01CC5BB24B332589C8; };
		853E119F1BB70C4603EF7D06 = {isa = PBXBuildFile; fileRef = 0CBD81C95A4E2F676261D146; };
		5F6BDFB9CFB9E287BADA5D1A = {isa = PBXBuildFile; fileRef = 011A9722F85AC779D361D8D5; };
		6D305D18F6C83259A350D363 = {isa = PBXBuildFile; fileRef = 3A16F99F38BE3E05EE34EE48; };
		383471C8F6DF242110488EC1 = {isa = PBXBuildFile; fileRef = FD205D55DD0ED05A34AD27CE; };
		8301BAF0ECDF64B542F4C539 = {isa = PBXBuildFile; fileRef = 8D6DF5F9D7EA6C407143A655; };
		E56888040A200C7A38E8AC0D = {isa = PBXBuildFile; fileRef = 8C2867841CA2AD3D3EDA5E83; };
		4DEF007C00981C94B72D1AD1 = {isa = PBXBuildFile; fileRef = AD090C86A5FB9A4095BBD2B7; };
		E30B59F7CA94C6390DEDD94C = {isa = PBXBuildFile; fileRef = 5F46A8FE1E015ED38CB03EDA; };
		FBE499BAD7265FF44A1D221C = {isa = PBXBuildFile; fileRef = A7E98C1D906EA45C194493C3; };
		A6A6E706D43AB8B65BD7B827 = {isa = PBXBuildFile; fileRef = F2925432A2B205CE04FDF2CA; };
		F9FBFCF4EA5BCC4D7D4029D6 = {isa = PBXBuildFile; fileRef = CC1B6FB88FFBFB58593C722E; };
		EFA74EC31FAC25DE53A44426 = {isa = PBXBuildFile; fileRef = 1110884C5F07907B5469C65B; };
		0F9BD8BD1B2C2E00E921F400 = {isa = PBXBuildFile; fileRef = AD5F8F6425F006070B21D27A; };
		CFFDB5006261DBA9A0E382CF = {isa = PBXBuildFile; fileRef = E239E26B46A226331F60E21B; };
		F51F4CE74AC52161E815B255 = {isa = PBXBuildFile; fileRef = CCDC0B3DC902FE29A0359BD9; };
		0045896B59D0A016D06080D5 = {isa = PBXFileReference; lastKnownFileType = wrapper.framework; name = Cocoa.framework; path = System/Library/Frameworks/Cocoa.framework; sourceTree = SDKROOT; };
		011A9722F85AC779D361D8D5 = {isa = PBXFileReference; lastKnownFileType = sourcecode.cpp.objcpp; name = "include_juce_audio_basics.mm"; path = "../../JuceLibraryCode/include_juce_audio_basics.mm"; sourceTree = "SOURCE_ROOT"; };
		0147B93D92457478409D6A24 = {isa = PBXFileReference; lastKnownFileType = sourcecode.c.h; name = MainComponent.h; path = ../../Source/MainComponent.h; sourceTree = "SOURCE_ROOT"; };
		03F726D11837DF1849548026 = {isa = PBXFileReference; lastKnownFileType = file; name = "juce_gui_extra"; path = "../../JuceLibraryCode/modules/juce_gui_extra"; sourceTree = "SOURCE_ROOT"; };
		04FEA35C30DEEA8D538B7795 = {isa = PBXFileReference; lastKnownFileType = wrapper.framework; name = CoreMIDI.framework; path = System/Library/Frameworks/CoreMIDI.framework; sourceTree = SDKROOT; };
		07E314CF08CBD59181CDDF57 = {isa = PBXFileReference; lastKnownFileType = sourcecode.c.h; name = JuceHeader.h; path = ../../JuceLibraryCode/JuceHeader.h; sourceTree = "SOURCE_ROOT"; };
		0CBD81C95A4E2F676261D146 = {isa = PBXFileReference; lastKnownFileType = sourcecode.cpp.cpp; name = Main.cpp; path = ../../Source/Main.cpp; sourceTree = "SOURCE_ROOT"; };
		1110884C5F07907B5469C65B = {isa = PBXFileReference; lastKnownFileType = sourcecode.cpp.objcpp; name = "include_juce_gui_basics.mm"; path = "../../JuceLibraryCode/include_juce_gui_basics.mm"; sourceTree = "SOURCE_ROOT"; };
		12EA81F7F5EFF26CE9AEBC3C = {isa = PBXFileReference; lastKnownFileType = sourcecode.c.h; name = denormals.h; path = ../../Source/denormals.h; sourceTree = "SOURCE_ROOT"; };
		13B5BBD02230AECB180EAC55 = {isa = PBXFileReference; lastKnownFileType = sourcecode.cpp.cpp; name = allpass.cpp; path = ../../Source/allpass.cpp; sourceTree = "SOURCE_ROOT"; };
		1769A2C8C77B1A6D739FAC7E = {isa = PBXFileReference; lastKnownFileType = file; name = "juce_audio_utils"; path = "../../JuceLibraryCode/modules/juce_audio_utils"; sourceTree = "SOURCE_ROOT"; };
		1A396409F4E68E2E82B5E089 = {isa = PBXFileReference; lastKnownFileType = sourcecode.cpp.cpp; name = revmodel.cpp; path = ../../Source/revmodel.cpp; sourceTree = "SOURCE_ROOT"; };
		302423A27B32F7547FD7F085 = {isa = PBXFileReference; lastKnownFileType = wrapper.framework; name = CoreAudio.framework; path = System/Library/Frameworks/CoreAudio.framework; sourceTree = SDKROOT; };
		344690FFCFE51F3332CE32EF = {isa = PBXFileReference; lastKnownFileType = file; name = "juce_gui_basics"; path = "../../JuceLibraryCode/modules/juce_gui_basics"; sourceTree = "SOURCE_ROOT"; };
		366DC6000F07D37EF96DA394 = {isa = PBXFileReference; lastKnownFileType = file; name = "juce_opengl"; path = "../../JuceLibraryCode/modules/juce_opengl"; sourceTree = "SOURCE_ROOT"; };
		378AC0547485A4BD370F2F94 = {isa = PBXFileReference; lastKnownFileType = wrapper.framework; name = Carbon.framework; path = System/Library/Frameworks/Carbon.framework; sourceTree = SDKROOT; };
		37D165B690A154DFBCA027DB = {isa = PBXFileReference; lastKnownFileType = wrapper.framework; name = IOKit.framework; path = System/Library/Frameworks/IOKit.framework; sourceTree = SDKROOT; };
		3A16F99F38BE3E05EE34EE48 = {isa = PBXFileReference; lastKnownFileType = sourcecode.cpp.objcpp; name = "include_juce_audio_devices.mm"; path = "../../JuceLibraryCode/include_juce_audio_devices.mm"; sourceTree = "SOURCE_ROOT"; };
		3CA2CD7EF6E72FFB0A81DADD = {isa = PBXFileReference; lastKnownFileType = wrapper.framework; name = DiscRecording.framework; path = System/Library/Frameworks/DiscRecording.framework; sourceTree = SDKROOT; };
		3D9A76D3CE56B145360907F8 = {isa = PBXFileReference; lastKnownFileType = sourcecode.c.h; name = comb.hpp; path = ../../Source/comb.hpp; sourceTree = "SOURCE_ROOT"; };
		451FC152C28550C9A6B4B0D1 = {isa = PBXFileReference; lastKnownFileType = file; name = "juce_core"; path = "../../JuceLibraryCode/modules/juce_core"; sourceTree = "SOURCE_ROOT"; };
		461A566AFCE65ADAC80BEF79 = {isa = PBXFileReference; lastKnownFileType = file; name = "juce_video"; path = "../../JuceLibraryCode/modules/juce_video"; sourceTree = "SOURCE_ROOT"; };
		4C97AC23128183111AC30BD0 = {isa = PBXFileReference; explicitFileType = wrapper.application; includeInIndex = 0; path = FreeverbMod.app; sourceTree = "BUILT_PRODUCTS_DIR"; };
		5B7470AC33674928840D036D = {isa = PBXFileReference; lastKnownFileType = wrapper.framework; name = AudioToolbox.framework; path = System/Library/Frameworks/AudioToolbox.framework; sourceTree = SDKROOT; };
		5F46A8FE1E015ED38CB03EDA = {isa = PBXFileReference; lastKnownFileType = sourcecode.cpp.objcpp; name = "include_juce_cryptography.mm"; path = "../../JuceLibraryCode/include_juce_cryptography.mm"; sourceTree = "SOURCE_ROOT"; };
		637792DF115546DC4C164ADE = {isa = PBXFileReference; lastKnownFileType = file; name = "juce_audio_formats"; path = "../../JuceLibraryCode/modules/juce_audio_formats"; sourceTree = "SOURCE_ROOT"; };
		6B74AA852DE2F2AEAEBB8DAB = {isa = PBXFileReference; lastKnownFileType = wrapper.framework; name = OpenGL.framework; path = System/Library/Frameworks/OpenGL.framework; sourceTree = SDKROOT; };
		700B1A01CC5BB24B332589C8 = {isa = PBXFileReference; lastKnownFileType = sourcecode.cpp.cpp; name = MainComponent.cpp; path = ../../Source/MainComponent.cpp; sourceTree = "SOURCE_ROOT"; };
		7876224247EF46C2F962F776 = {isa = PBXFileReference; lastKnownFileType = wrapper.framework; name = QuickTime.framework; path = System/Library/Frameworks/QuickTime.framework; sourceTree = SDKROOT; };
		7ED93F35935D609038FDE3CD = {isa = PBXFileReference; lastKnownFileType = sourcecode.c.h; name = tuning.h; path = ../../Source/tuning.h; sourceTree = "SOURCE_ROOT"; };
		83769D80EF3B3C0A490F29B9 = {isa = PBXFileReference; lastKnownFileType = sourcecode.c.h; name = allpass.hpp; path = ../../Source/allpass.hpp; sourceTree = "SOURCE_ROOT"; };
		8C2867841CA2AD3D3EDA5E83 = {isa = PBXFileReference; lastKnownFileType = sourcecode.cpp.objcpp; name = "include_juce_audio_utils.mm"; path = "../../JuceLibraryCode/include_juce_audio_utils.mm"; sourceTree = "SOURCE_ROOT"; };
		8D6DF5F9D7EA6C407143A655 = {isa = PBXFileReference; lastKnownFileType = sourcecode.cpp.objcpp; name = "include_juce_audio_processors.mm"; path = "../../JuceLibraryCode/include_juce_audio_processors.mm"; sourceTree = "SOURCE_ROOT"; };
		9D606BE8BE9B11C4FC9A41D0 = {isa = PBXFileReference; lastKnownFileType = file; name = "juce_audio_basics"; path = "../../JuceLibraryCode/modules/juce_audio_basics"; sourceTree = "SOURCE_ROOT"; };
		A5748E03021698749DDD9037 = {isa = PBXFileReference; lastKnownFileType = file; name = "juce_cryptography"; path = "../../JuceLibraryCode/modules/juce_cryptography"; sourceTree = "SOURCE_ROOT"; };
		A7E98C1D906EA45C194493C3 = {isa = PBXFileReference; lastKnownFileType = sourcecode.cpp.objcpp; name = "include_juce_data_structures.mm"; path = "../../JuceLibraryCode/include_juce_data_structures.mm"; sourceTree = "SOURCE_ROOT"; };
		A958CBC33A337B2C37C8E219 = {isa = PBXFileReference; lastKnownFileType = file; name = "juce_audio_processors"; path = "../../JuceLibraryCode/modules/juce_audio_processors"; sourceTree = "SOURCE_ROOT"; };
		A9BD6CC45D36D9B830EE7762 = {isa = PBXFileReference; lastKnownFileType = wrapper.framework; name = QuartzCore.framework; path = System/Library/Frameworks/QuartzCore.framework; sourceTree = SDKROOT; };
		AD090C86A5FB9A4095BBD2B7 = {isa = PBXFileReference; lastKnownFileType = sourcecode.cpp.objcpp; name = "include_juce_core.mm"; path = "../../JuceLibraryCode/include_juce_core.mm"; sourceTree = "SOURCE_ROOT"; };
		AD5F8F6425F006070B21D27A = {isa = PBXFileReference; lastKnownFileType = sourcecode.cpp.objcpp; name = "include_juce_gui_extra.mm"; path = "../../JuceLibraryCode/include_juce_gui_extra.mm"; sourceTree = "SOURCE_ROOT"; };
		B1473B5E14DB59028B3D2C65 = {isa = PBXFileReference; lastKnownFileType = file; name = "juce_audio_devices"; path = "../../JuceLibraryCode/modules/juce_audio_devices"; sourceTree = "SOURCE_ROOT"; };
		B2DD29F85A66F615E576A425 = {isa = PBXFileReference; lastKnownFileType = file; name = "juce_events"; path = "../../JuceLibraryCode/modules/juce_events"; sourceTree = "SOURCE_ROOT"; };
		B5B25A13C225FEC25DF72EA9 = {isa = PBXFileReference; lastKnownFileType = sourcecode.c.h; name = revmodel.hpp; path = ../../Source/revmodel.hpp; sourceTree = "SOURCE_ROOT"; };
		C3572072B8C8BD2712424938 = {isa = PBXFileReference; lastKnownFileType = wrapper.framework; name = WebKit.framework; path = System/Library/Frameworks/WebKit.framework; sourceTree = SDKROOT; };
		C61BD808952C19681C31501B = {isa = PBXFileReference; lastKnownFileType = wrapper.framework; name = QTKit.framework; path = System/Library/Frameworks/QTKit.framework; sourceTree = SDKROOT; };
		CC0F97129F311E095BA6A8A9 = {isa = PBXFileReference; lastKnownFileType = sourcecode.c.h; name = AppConfig.h; path = ../../JuceLibraryCode/AppConfig.h; sourceTree = "SOURCE_ROOT"; };
		CC1B6FB88FFBFB58593C722E = {isa = PBXFileReference; lastKnownFileType = sourcecode.cpp.objcpp; name = "include_juce_graphics.mm"; path = "../../JuceLibraryCode/include_juce_graphics.mm"; sourceTree = "SOURCE_ROOT"; };
		CCDC0B3DC902FE29A0359BD9 = {isa = PBXFileReference; lastKnownFileType = sourcecode.cpp.objcpp; name = "include_juce_video.mm"; path = "../../JuceLibraryCode/include_juce_video.mm"; sourceTree = "SOURCE_ROOT"; };
		DBE3A6D3F1AD11E4ADB954E7 = {isa = PBXFileReference; lastKnownFileType = file.nib; name = RecentFilesMenuTemplate.nib; path = RecentFilesMenuTemplate.nib; sourceTree = "SOURCE_ROOT"; };
		E22E728600932A6CA3808558 = {isa = PBXFileReference; lastKnownFileType = wrapper.framework; name = Accelerate.framework; path = System/Library/Frameworks/Accelerate.framework; sourceTree = SDKROOT; };
		E239E26B46A226331F60E21B = {isa = PBXFileReference; lastKnownFileType = sourcecode.cpp.objcpp; name = "include_juce_opengl.mm"; path = "../../JuceLibraryCode/include_juce_opengl.mm"; sourceTree = "SOURCE_ROOT"; };
		E31B8C127CC618A3729983BF = {isa = PBXFileReference; lastKnownFileType = file; name = "juce_data_structures"; path = "../../JuceLibraryCode/modules/juce_data_structures"; sourceTree = "SOURCE_ROOT"; };
		EFCF551DA0B6F6929B03D998 = {isa = PBXFileReference; lastKnownFileType = file; name = "juce_graphics"; path = "../../JuceLibraryCode/modules/juce_graphics"; sourceTree = "SOURCE_ROOT"; };
		F076823B1B8B5B3868BC4508 = {isa = PBXFileReference; lastKnownFileType = sourcecode.cpp.cpp; name = comb.cpp; path = ../../Source/comb.cpp; sourceTree = "SOURCE_ROOT"; };
		F2925432A2B205CE04FDF2CA = {isa = PBXFileReference; lastKnownFileType = sourcecode.cpp.objcpp; name = "include_juce_events.mm"; path = "../../JuceLibraryCode/include_juce_events.mm"; sourceTree = "SOURCE_ROOT"; };
		F72F20FE62D81DD02A52761C = {isa = PBXFileReference; lastKnownFileType = text.plist.xml; name = "Info-App.plist"; path = "Info-App.plist"; sourceTree = "SOURCE_ROOT"; };
		FD205D55DD0ED05A34AD27CE = {isa = PBXFileReference; lastKnownFileType = sourcecode.cpp.objcpp; name = "include_juce_audio_formats.mm"; path = "../../JuceLibraryCode/include_juce_audio_formats.mm"; sourceTree = "SOURCE_ROOT"; };
		823341F0CE8B993929BAA9EE = {isa = PBXGroup; children = (
					12EA81F7F5EFF26CE9AEBC3C,
					7ED93F35935D609038FDE3CD,
					13B5BBD02230AECB180EAC55,
					83769D80EF3B3C0A490F29B9,
					F076823B1B8B5B3868BC4508,
					3D9A76D3CE56B145360907F8,
					1A396409F4E68E2E82B5E089,
					B5B25A13C225FEC25DF72EA9,
					700B1A01CC5BB24B332589C8,
					0147B93D92457478409D6A24,
					0CBD81C95A4E2F676261D146, ); name = Source; sourceTree = "<group>"; };
		C4319094891B3885C43C34A6 = {isa = PBXGroup; children = (
					823341F0CE8B993929BAA9EE, ); name = FreeverbMod; sourceTree = "<group>"; };
		9F38A18E87928B87963F6AFE = {isa = PBXGroup; children = (
					9D606BE8BE9B11C4FC9A41D0,
					B1473B5E14DB59028B3D2C65,
					637792DF115546DC4C164ADE,
					A958CBC33A337B2C37C8E219,
					1769A2C8C77B1A6D739FAC7E,
					451FC152C28550C9A6B4B0D1,
					A5748E03021698749DDD9037,
					E31B8C127CC618A3729983BF,
					B2DD29F85A66F615E576A425,
					EFCF551DA0B6F6929B03D998,
					344690FFCFE51F3332CE32EF,
					03F726D11837DF1849548026,
					366DC6000F07D37EF96DA394,
					461A566AFCE65ADAC80BEF79, ); name = "Juce Modules"; sourceTree = "<group>"; };
		9B69D7EB0BB2897BF48E4568 = {isa = PBXGroup; children = (
					CC0F97129F311E095BA6A8A9,
					011A9722F85AC779D361D8D5,
					3A16F99F38BE3E05EE34EE48,
					FD205D55DD0ED05A34AD27CE,
					8D6DF5F9D7EA6C407143A655,
					8C2867841CA2AD3D3EDA5E83,
					AD090C86A5FB9A4095BBD2B7,
					5F46A8FE1E015ED38CB03EDA,
					A7E98C1D906EA45C194493C3,
					F2925432A2B205CE04FDF2CA,
					CC1B6FB88FFBFB58593C722E,
					1110884C5F07907B5469C65B,
					AD5F8F6425F006070B21D27A,
					E239E26B46A226331F60E21B,
					CCDC0B3DC902FE29A0359BD9,
					07E314CF08CBD59181CDDF57, ); name = "Juce Library Code"; sourceTree = "<group>"; };
		3BA59DA4EC7F0EC837B9A43E = {isa = PBXGroup; children = (
					F72F20FE62D81DD02A52761C,
					DBE3A6D3F1AD11E4ADB954E7, ); name = Resources; sourceTree = "<group>"; };
		813C4E648B79861F625E4DD2 = {isa = PBXGroup; children = (
					E22E728600932A6CA3808558,
					5B7470AC33674928840D036D,
					378AC0547485A4BD370F2F94,
					0045896B59D0A016D06080D5,
					302423A27B32F7547FD7F085,
					04FEA35C30DEEA8D538B7795,
					3CA2CD7EF6E72FFB0A81DADD,
					37D165B690A154DFBCA027DB,
					6B74AA852DE2F2AEAEBB8DAB,
					C61BD808952C19681C31501B,
					A9BD6CC45D36D9B830EE7762,
					7876224247EF46C2F962F776,
					C3572072B8C8BD2712424938, ); name = Frameworks; sourceTree = "<group>"; };
		E25F0CCDCDA402044BFBC6F9 = {isa = PBXGroup; children = (
					4C97AC23128183111AC30BD0, ); name = Products; sourceTree = "<group>"; };
		26EA183F8B63BBD9E92FB484 = {isa = PBXGroup; children = (
					C4319094891B3885C43C34A6,
					9F38A18E87928B87963F6AFE,
					9B69D7EB0BB2897BF48E4568,
					3BA59DA4EC7F0EC837B9A43E,
					813C4E648B79861F625E4DD2,
					E25F0CCDCDA402044BFBC6F9, ); name = Source; sourceTree = "<group>"; };
		DE5285A89ED9FE4C70EA5CBE = {isa = XCBuildConfiguration; buildSettings = {
				CLANG_CXX_LANGUAGE_STANDARD = "c++11";
				CLANG_LINK_OBJC_RUNTIME = NO;
				COMBINE_HIDPI_IMAGES = YES;
				CONFIGURATION_BUILD_DIR = "$(PROJECT_DIR)/build/$(CONFIGURATION)";
				COPY_PHASE_STRIP = NO;
				GCC_DYNAMIC_NO_PIC = NO;
				GCC_OPTIMIZATION_LEVEL = 0;
				GCC_PREPROCESSOR_DEFINITIONS = (
					"_DEBUG=1",
					"DEBUG=1",
					"JUCER_XCODE_MAC_F6D2F4CF=1",
					"JUCE_APP_VERSION=1.0.0",
					"JUCE_APP_VERSION_HEX=0x10000",
					"JucePlugin_Build_VST=0",
					"JucePlugin_Build_VST3=0",
					"JucePlugin_Build_AU=0",
					"JucePlugin_Build_AUv3=0",
					"JucePlugin_Build_RTAS=0",
					"JucePlugin_Build_AAX=0",
					"JucePlugin_Build_Standalone=0", );
				GCC_VERSION = com.apple.compilers.llvm.clang.1_0;
				HEADER_SEARCH_PATHS = ("../../JuceLibraryCode", "../../JuceLibraryCode/modules", "$(inherited)");
				INFOPLIST_FILE = Info-App.plist;
				INFOPLIST_PREPROCESS = NO;
				INSTALL_PATH = "$(HOME)/Applications";
				MACOSX_DEPLOYMENT_TARGET = 10.11;
				MACOSX_DEPLOYMENT_TARGET_ppc = 10.4;
				PRODUCT_BUNDLE_IDENTIFIER = com.yourcompany.FreeverbMod;
				SDKROOT_ppc = macosx10.5;
				USE_HEADERMAP = NO; }; name = Debug; };
		E2FE0434D0077A8CD6787638 = {isa = XCBuildConfiguration; buildSettings = {
				CLANG_CXX_LANGUAGE_STANDARD = "c++11";
				CLANG_LINK_OBJC_RUNTIME = NO;
				COMBINE_HIDPI_IMAGES = YES;
				CONFIGURATION_BUILD_DIR = "$(PROJECT_DIR)/build/$(CONFIGURATION)";
				DEAD_CODE_STRIPPING = YES;
				GCC_GENERATE_DEBUGGING_SYMBOLS = NO;
				GCC_OPTIMIZATION_LEVEL = 3;
				GCC_PREPROCESSOR_DEFINITIONS = (
					"_NDEBUG=1",
					"NDEBUG=1",
					"JUCER_XCODE_MAC_F6D2F4CF=1",
					"JUCE_APP_VERSION=1.0.0",
					"JUCE_APP_VERSION_HEX=0x10000",
					"JucePlugin_Build_VST=0",
					"JucePlugin_Build_VST3=0",
					"JucePlugin_Build_AU=0",
					"JucePlugin_Build_AUv3=0",
					"JucePlugin_Build_RTAS=0",
					"JucePlugin_Build_AAX=0",
					"JucePlugin_Build_Standalone=0", );
				GCC_SYMBOLS_PRIVATE_EXTERN = YES;
				GCC_VERSION = com.apple.compilers.llvm.clang.1_0;
				HEADER_SEARCH_PATHS = ("../../JuceLibraryCode", "../../JuceLibraryCode/modules", "$(inherited)");
				INFOPLIST_FILE = Info-App.plist;
				INFOPLIST_PREPROCESS = NO;
				INSTALL_PATH = "$(HOME)/Applications";
				MACOSX_DEPLOYMENT_TARGET = 10.11;
				MACOSX_DEPLOYMENT_TARGET_ppc = 10.4;
				PRODUCT_BUNDLE_IDENTIFIER = com.yourcompany.FreeverbMod;
				SDKROOT_ppc = macosx10.5;
				USE_HEADERMAP = NO; }; name = Release; };
		6BC751B3E8E73BF5398959B3 = {isa = XCBuildConfiguration; buildSettings = {
				ALWAYS_SEARCH_USER_PATHS = NO;
				CLANG_WARN_BLOCK_CAPTURE_AUTORELEASING = YES;
				CLANG_WARN_BOOL_CONVERSION = YES;
				CLANG_WARN_COMMA = YES;
				CLANG_WARN_CONSTANT_CONVERSION = YES;
				CLANG_WARN_EMPTY_BODY = YES;
				CLANG_WARN_ENUM_CONVERSION = YES;
				CLANG_WARN_INFINITE_RECURSION = YES;
				CLANG_WARN_INT_CONVERSION = YES;
				CLANG_WARN_NON_LITERAL_NULL_CONVERSION = YES;
				CLANG_WARN_OBJC_LITERAL_CONVERSION = YES;
				CLANG_WARN_RANGE_LOOP_ANALYSIS = YES;
				CLANG_WARN_STRICT_PROTOTYPES = YES;
				CLANG_WARN_SUSPICIOUS_MOVE = YES;
				CLANG_WARN_UNREACHABLE_CODE = YES;
				CLANG_WARN__DUPLICATE_METHOD_MATCH = YES;
				DEBUG_INFORMATION_FORMAT = "dwarf";
				ENABLE_STRICT_OBJC_MSGSEND = YES;
				ENABLE_TESTABILITY = YES;
				GCC_C_LANGUAGE_STANDARD = c11;
				GCC_INLINES_ARE_PRIVATE_EXTERN = YES;
				GCC_MODEL_TUNING = G5;
				GCC_NO_COMMON_BLOCKS = YES;
				GCC_WARN_64_TO_32_BIT_CONVERSION = YES;
				GCC_WARN_ABOUT_RETURN_TYPE = YES;
				GCC_WARN_CHECK_SWITCH_STATEMENTS = YES;
				GCC_WARN_MISSING_PARENTHESES = YES;
				GCC_WARN_NON_VIRTUAL_DESTRUCTOR = YES;
				GCC_WARN_TYPECHECK_CALLS_TO_PRINTF = YES;
				GCC_WARN_UNDECLARED_SELECTOR = YES;
				GCC_WARN_UNINITIALIZED_AUTOS = YES;
				GCC_WARN_UNUSED_FUNCTION = YES;
				GCC_WARN_UNUSED_VARIABLE = YES;
				ONLY_ACTIVE_ARCH = YES;
				PRODUCT_NAME = "FreeverbMod";
				WARNING_CFLAGS = -Wreorder;
				ZERO_LINK = NO; }; name = Debug; };
		969A14A38CC30D550B75751F = {isa = XCBuildConfiguration; buildSettings = {
				ALWAYS_SEARCH_USER_PATHS = NO;
				CLANG_WARN_BLOCK_CAPTURE_AUTORELEASING = YES;
				CLANG_WARN_BOOL_CONVERSION = YES;
				CLANG_WARN_COMMA = YES;
				CLANG_WARN_CONSTANT_CONVERSION = YES;
				CLANG_WARN_EMPTY_BODY = YES;
				CLANG_WARN_ENUM_CONVERSION = YES;
				CLANG_WARN_INFINITE_RECURSION = YES;
				CLANG_WARN_INT_CONVERSION = YES;
				CLANG_WARN_NON_LITERAL_NULL_CONVERSION = YES;
				CLANG_WARN_OBJC_LITERAL_CONVERSION = YES;
				CLANG_WARN_RANGE_LOOP_ANALYSIS = YES;
				CLANG_WARN_STRICT_PROTOTYPES = YES;
				CLANG_WARN_SUSPICIOUS_MOVE = YES;
				CLANG_WARN_UNREACHABLE_CODE = YES;
				CLANG_WARN__DUPLICATE_METHOD_MATCH = YES;
				DEBUG_INFORMATION_FORMAT = "dwarf";
				ENABLE_STRICT_OBJC_MSGSEND = YES;
				GCC_C_LANGUAGE_STANDARD = c11;
				GCC_INLINES_ARE_PRIVATE_EXTERN = YES;
				GCC_MODEL_TUNING = G5;
				GCC_NO_COMMON_BLOCKS = YES;
				GCC_WARN_64_TO_32_BIT_CONVERSION = YES;
				GCC_WARN_ABOUT_RETURN_TYPE = YES;
				GCC_WARN_CHECK_SWITCH_STATEMENTS = YES;
				GCC_WARN_MISSING_PARENTHESES = YES;
				GCC_WARN_NON_VIRTUAL_DESTRUCTOR = YES;
				GCC_WARN_TYPECHECK_CALLS_TO_PRINTF = YES;
				GCC_WARN_UNDECLARED_SELECTOR = YES;
				GCC_WARN_UNINITIALIZED_AUTOS = YES;
				GCC_WARN_UNUSED_FUNCTION = YES;
				GCC_WARN_UNUSED_VARIABLE = YES;
				PRODUCT_NAME = "FreeverbMod";
				WARNING_CFLAGS = -Wreorder;
				ZERO_LINK = NO; }; name = Release; };
		F210CBCB6701BDA32969BEAE = {isa = PBXTargetDependency; target = FCF94A8487CC1E92A3394E24; };
		2B648062A5CB8FA5C13B7299 = {isa = XCConfigurationList; buildConfigurations = (
					6BC751B3E8E73BF5398959B3,
					969A14A38CC30D550B75751F, ); defaultConfigurationIsVisible = 0; defaultConfigurationName = Debug; };
		B926B492CFB070B46E40D4C5 = {isa = XCConfigurationList; buildConfigurations = (
					DE5285A89ED9FE4C70EA5CBE,
					E2FE0434D0077A8CD6787638, ); defaultConfigurationIsVisible = 0; defaultConfigurationName = Debug; };
		1E3B3882F5B388A1E55A5E88 = {isa = PBXResourcesBuildPhase; buildActionMask = 2147483647; files = (
					F3A7E18BCC5DCCF0B4D2E009, ); runOnlyForDeploymentPostprocessing = 0; };
		194AB502AF870B17A879FAF7 = {isa = PBXSourcesBuildPhase; buildActionMask = 2147483647; files = (
					DEFB31D7FA4112B1DAB1FDA5,
					89C4000059ED1D8B82822B2F,
					328B4A1EEE0D756989E23CEB,
					33B31E7E72D483219F6749D4,
					853E119F1BB70C4603EF7D06,
					5F6BDFB9CFB9E287BADA5D1A,
					6D305D18F6C83259A350D363,
					383471C8F6DF242110488EC1,
					8301BAF0ECDF64B542F4C539,
					E56888040A200C7A38E8AC0D,
					4DEF007C00981C94B72D1AD1,
					E30B59F7CA94C6390DEDD94C,
					FBE499BAD7265FF44A1D221C,
					A6A6E706D43AB8B65BD7B827,
					F9FBFCF4EA5BCC4D7D4029D6,
					EFA74EC31FAC25DE53A44426,
					0F9BD8BD1B2C2E00E921F400,
					CFFDB5006261DBA9A0E382CF,
					F51F4CE74AC52161E815B255, ); runOnlyForDeploymentPostprocessing = 0; };
		F7C4479D6C11B5E83B5058EE = {isa = PBXFrameworksBuildPhase; buildActionMask = 2147483647; files = (
					E115391AB5DA063E22C419BC,
					C4602167366C96C895DBEB65,
					C74FABE0516E5A6090783663,
					E107BCEA98FD3D686E996F0B,
					912B779C8F6A00F6E8C9F0EC,
					E0F4806D5D9F2720F3427E22,
					3806CF62A231023A27003FDD,
					D0B9D2A2D9476AD1E3B9B94C,
					F396FB71103AA5131D6543A3,
					D086461FC067F0F2B8B3417C,
					F8D1E501BE957D22BF98ACC0,
					67C996C4B6D75228081F5898,
					C872A6DA4EB3CB4E82733EE8, ); runOnlyForDeploymentPostprocessing = 0; };
		FCF94A8487CC1E92A3394E24 = {isa = PBXNativeTarget; buildConfigurationList = B926B492CFB070B46E40D4C5; buildPhases = (
					1E3B3882F5B388A1E55A5E88,
					194AB502AF870B17A879FAF7,
					F7C4479D6C11B5E83B5058EE, ); buildRules = ( ); dependencies = (  ); name = "FreeverbMod - App"; productName = FreeverbMod; productReference = 4C97AC23128183111AC30BD0; productType = "com.apple.product-type.application"; };
		1B25F7BE0CA8BE2248091C31 = {isa = PBXProject; buildConfigurationList = 2B648062A5CB8FA5C13B7299; attributes = { LastUpgradeCheck = 0830; TargetAttributes = { FCF94A8487CC1E92A3394E24 = { SystemCapabilities = {com.apple.ApplicationGroups.iOS = { enabled = 0; }; com.apple.InAppPurchase = { enabled = 0; }; com.apple.InterAppAudio = { enabled = 0; }; com.apple.Push = { enabled = 0; }; com.apple.Sandbox = { enabled = 0; }; }; }; }; }; compatibilityVersion = "Xcode 3.2"; hasScannedForEncodings = 0; mainGroup = 26EA183F8B63BBD9E92FB484; projectDirPath = ""; projectRoot = ""; targets = (FCF94A8487CC1E92A3394E24); };
	};
	rootObject = 1B25F7BE0CA8BE2248091C31;
}
